{
  "requires": true,
  "lockfileVersion": 1,
  "dependencies": {
    "vuex": {
      "version": "3.6.2",
      "resolved": "https://registry.npmjs.org/vuex/-/vuex-3.6.2.tgz",
      "integrity": "sha512-ETW44IqCgBpVomy520DT5jf8n0zoCac+sxWnn+hMe/CzaSejb/eVw2YToiXYX+Ex/AuHHia28vWTq4goAexFbw=="
    }
  }
},
{
	    "id": "qizai-dynamic",
	    "name": "微头条动态卡片，类似朋友圈，qq说说，微头条，实现多张图片自适应排列布局",
	    "version": "1.0.1（2021-03-30）",
	    "description": "本组件仿写今日头条的微头条，适用于朋友圈，朋友圈动态，空间说说，微头条等，实现多张图片自适应排列布局",
	    "keywords": [
	        "微头条",
	        "动态",
	        "朋友圈",
	        "qq说说",
	        "图片排列布局"
	    ]
	}
